
Microsoft Visual Studio Solution File, Format Version 12.00
# Visual Studio 2012
# SharpDevelop 5.1
VisualStudioVersion = 12.0.20827.3
MinimumVisualStudioVersion = 10.0.40219.1
Project("{FAE04EC0-301F-11D3-BF4B-00C04F79EFBC}") = "SharpMD", "SharpMD.csproj", "{2134C4EB-4936-459F-8576-A5C5056F099A}"
EndProject
Global
	GlobalSection(SolutionConfigurationPlatforms) = preSolution
		Debug|Any CPU = Debug|Any CPU
		Release|Any CPU = Release|Any CPU
	EndGlobalSection
	GlobalSection(ProjectConfigurationPlatforms) = postSolution
		{2134C4EB-4936-459F-8576-A5C5056F099A}.Debug|Any CPU.ActiveCfg = Debug|Any CPU
		{2134C4EB-4936-459F-8576-A5C5056F099A}.Debug|Any CPU.Build.0 = Debug|Any CPU
		{2134C4EB-4936-459F-8576-A5C5056F099A}.Release|Any CPU.ActiveCfg = Release|Any CPU
		{2134C4EB-4936-459F-8576-A5C5056F099A}.Release|Any CPU.Build.0 = Release|Any CPU
	EndGlobalSection
EndGlobal
